// !$*UTF8*$!
{
	archiveVersion = 1;
	classes = {
	};
	objectVersion = 50;
	objects = {

/* Begin PBXBuildFile section */
		34AD65692138682000964B31 /* AppDelegate.swift in Sources */ = {isa = PBXBuildFile; fileRef = 34AD65682138682000964B31 /* AppDelegate.swift */; };
		34AD656B2138682000964B31 /* ViewController.swift in Sources */ = {isa = PBXBuildFile; fileRef = 34AD656A2138682000964B31 /* ViewController.swift */; };
		34AD656E2138682000964B31 /* Main.storyboard in Resources */ = {isa = PBXBuildFile; fileRef = 34AD656C2138682000964B31 /* Main.storyboard */; };
		34AD65712138682000964B31 /* GithubRepoSearcher.xcdatamodeld in Sources */ = {isa = PBXBuildFile; fileRef = 34AD656F2138682000964B31 /* GithubRepoSearcher.xcdatamodeld */; };
		34AD65732138682100964B31 /* Assets.xcassets in Resources */ = {isa = PBXBuildFile; fileRef = 34AD65722138682100964B31 /* Assets.xcassets */; };
		34AD65762138682100964B31 /* LaunchScreen.storyboard in Resources */ = {isa = PBXBuildFile; fileRef = 34AD65742138682100964B31 /* LaunchScreen.storyboard */; };
		34AD65812138682100964B31 /* GithubRepoSearcherTests.swift in Sources */ = {isa = PBXBuildFile; fileRef = 34AD65802138682100964B31 /* GithubRepoSearcherTests.swift */; };
/* End PBXBuildFile section */

/* Begin PBXContainerItemProxy section */
		34AD657D2138682100964B31 /* PBXContainerItemProxy */ = {
			isa = PBXContainerItemProxy;
			containerPortal = 34AD655D2138682000964B31 /* Project object */;
			proxyType = 1;
			remoteGlobalIDString = 34AD65642138682000964B31;
			remoteInfo = GithubRepoSearcher;
		};
/* End PBXContainerItemProxy section */

/* Begin PBXFileReference section */
		34AD65652138682000964B31 /* GithubRepoSearcher.app */ = {isa = PBXFileReference; explicitFileType = wrapper.application; includeInIndex = 0; path = GithubRepoSearcher.app; sourceTree = BUILT_PRODUCTS_DIR; };
		34AD65682138682000964B31 /* AppDelegate.swift */ = {isa = PBXFileReference; lastKnownFileType = sourcecode.swift; path = AppDelegate.swift; sourceTree = "<group>"; };
		34AD656A2138682000964B31 /* ViewController.swift */ = {isa = PBXFileReference; lastKnownFileType = sourcecode.swift; path = ViewController.swift; sourceTree = "<group>"; };
		34AD656D2138682000964B31 /* Base */ = {isa = PBXFileReference; lastKnownFileType = file.storyboard; name = Base; path = Base.lproj/Main.storyboard; sourceTree = "<group>"; };
		34AD65702138682000964B31 /* GithubRepoSearcher.xcdatamodel */ = {isa = PBXFileReference; lastKnownFileType = wrapper.xcdatamodel; path = GithubRepoSearcher.xcdatamodel; sourceTree = "<group>"; };
		34AD65722138682100964B31 /* Assets.xcassets */ = {isa = PBXFileReference; lastKnownFileType = folder.assetcatalog; path = Assets.xcassets; sourceTree = "<group>"; };
		34AD65752138682100964B31 /* Base */ = {isa = PBXFileReference; lastKnownFileType = file.storyboard; name = Base; path = Base.lproj/LaunchScreen.storyboard; sourceTree = "<group>"; };
		34AD65772138682100964B31 /* Info.plist */ = {isa = PBXFileReference; lastKnownFileType = text.plist.xml; path = Info.plist; sourceTree = "<group>"; };
		34AD657C2138682100964B31 /* GithubRepoSearcherTests.xctest */ = {isa = PBXFileReference; explicitFileType = wrapper.cfbundle; includeInIndex = 0; path = GithubRepoSearcherTests.xctest; sourceTree = BUILT_PRODUCTS_DIR; };
		34AD65802138682100964B31 /* GithubRepoSearcherTests.swift */ = {isa = PBXFileReference; lastKnownFileType = sourcecode.swift; path = GithubRepoSearcherTests.swift; sourceTree = "<group>"; };
		34AD65822138682100964B31 /* Info.plist */ = {isa = PBXFileReference; lastKnownFileType = text.plist.xml; path = Info.plist; sourceTree = "<group>"; };
/* End PBXFileReference section */

/* Begin PBXFrameworksBuildPhase section */
		34AD65622138682000964B31 /* Frameworks */ = {
			isa = PBXFrameworksBuildPhase;
			buildActionMask = 2147483647;
			files = (
			);
			runOnlyForDeploymentPostprocessing = 0;
		};
		34AD65792138682100964B31 /* Frameworks */ = {
			isa = PBXFrameworksBuildPhase;
			buildActionMask = 2147483647;
			files = (
			);
			runOnlyForDeploymentPostprocessing = 0;
		};
/* End PBXFrameworksBuildPhase section */

/* Begin PBXGroup section */
		34AD655C2138682000964B31 = {
			isa = PBXGroup;
			children = (
				34AD65672138682000964B31 /* GithubRepoSearcher */,
				34AD657F2138682100964B31 /* GithubRepoSearcherTests */,
				34AD65662138682000964B31 /* Products */,
			);
			sourceTree = "<group>";
		};
		34AD65662138682000964B31 /* Products */ = {
			isa = PBXGroup;
			children = (
				34AD65652138682000964B31 /* GithubRepoSearcher.app */,
				34AD657C2138682100964B31 /* GithubRepoSearcherTests.xctest */,
			);
			name = Products;
			sourceTree = "<group>";
		};
		34AD65672138682000964B31 /* GithubRepoSearcher */ = {
			isa = PBXGroup;
			children = (
				34AD65682138682000964B31 /* AppDelegate.swift */,
				34AD656A2138682000964B31 /* ViewController.swift */,
				34AD656C2138682000964B31 /* Main.storyboard */,
				34AD65722138682100964B31 /* Assets.xcassets */,
				34AD65742138682100964B31 /* LaunchScreen.storyboard */,
				34AD65772138682100964B31 /* Info.plist */,
				34AD656F2138682000964B31 /* GithubRepoSearcher.xcdatamodeld */,
			);
			path = GithubRepoSearcher;
			sourceTree = "<group>";
		};
		34AD657F2138682100964B31 /* GithubRepoSearcherTests */ = {
			isa = PBXGroup;
			children = (
				34AD65802138682100964B31 /* GithubRepoSearcherTests.swift */,
				34AD65822138682100964B31 /* Info.plist */,
			);
			path = GithubRepoSearcherTests;
			sourceTree = "<group>";
		};
/* End PBXGroup section */

/* Begin PBXNativeTarget section */
		34AD65642138682000964B31 /* GithubRepoSearcher */ = {
			isa = PBXNativeTarget;
			buildConfigurationList = 34AD65852138682100964B31 /* Build configuration list for PBXNativeTarget "GithubRepoSearcher" */;
			buildPhases = (
				34AD65612138682000964B31 /* Sources */,
				34AD65622138682000964B31 /* Frameworks */,
				34AD65632138682000964B31 /* Resources */,
			);
			buildRules = (
			);
			dependencies = (
			);
			name = GithubRepoSearcher;
			productName = GithubRepoSearcher;
			productReference = 34AD65652138682000964B31 /* GithubRepoSearcher.app */;
			productType = "com.apple.product-type.application";
		};
		34AD657B2138682100964B31 /* GithubRepoSearcherTests */ = {
			isa = PBXNativeTarget;
			buildConfigurationList = 34AD65882138682100964B31 /* Build configuration list for PBXNativeTarget "GithubRepoSearcherTests" */;
			buildPhases = (
				34AD65782138682100964B31 /* Sources */,
				34AD65792138682100964B31 /* Frameworks */,
				34AD657A2138682100964B31 /* Resources */,
			);
			buildRules = (
			);
			dependencies = (
				34AD657E2138682100964B31 /* PBXTargetDependency */,
			);
			name = GithubRepoSearcherTests;
			productName = GithubRepoSearcherTests;
			productReference = 34AD657C2138682100964B31 /* GithubRepoSearcherTests.xctest */;
			productType = "com.apple.product-type.bundle.unit-test";
		};
/* End PBXNativeTarget section */

/* Begin PBXProject section */
		34AD655D2138682000964B31 /* Project object */ = {
			isa = PBXProject;
			attributes = {
				LastSwiftUpdateCheck = 0940;
				LastUpgradeCheck = 0940;
				ORGANIZATIONNAME = "Stuart Thomas";
				TargetAttributes = {
					34AD65642138682000964B31 = {
						CreatedOnToolsVersion = 9.4.1;
					};
					34AD657B2138682100964B31 = {
						CreatedOnToolsVersion = 9.4.1;
						TestTargetID = 34AD65642138682000964B31;
					};
				};
			};
			buildConfigurationList = 34AD65602138682000964B31 /* Build configuration list for PBXProject "GithubRepoSearcher" */;
			compatibilityVersion = "Xcode 9.3";
			developmentRegion = en;
			hasScannedForEncodings = 0;
			knownRegions = (
				en,
				Base,
			);
			mainGroup = 34AD655C2138682000964B31;
			productRefGroup = 34AD65662138682000964B31 /* Products */;
			projectDirPath = "";
			projectRoot = "";
			targets = (
				34AD65642138682000964B31 /* GithubRepoSearcher */,
				34AD657B2138682100964B31 /* GithubRepoSearcherTests */,
			);
		};
/* End PBXProject section */

/* Begin PBXResourcesBuildPhase section */
		34AD65632138682000964B31 /* Resources */ = {
			isa = PBXResourcesBuildPhase;
			buildActionMask = 2147483647;
			files = (
				34AD65762138682100964B31 /* LaunchScreen.storyboard in Resources */,
				34AD65732138682100964B31 /* Assets.xcassets in Resources */,
				34AD656E2138682000964B31 /* Main.storyboard in Resources */,
			);
			runOnlyForDeploymentPostprocessing = 0;
		};
		34AD657A2138682100964B31 /* Resources */ = {
			isa = PBXResourcesBuildPhase;
			buildActionMask = 2147483647;
			files = (
			);
			runOnlyForDeploymentPostprocessing = 0;
		};
/* End PBXResourcesBuildPhase section */

/* Begin PBXSourcesBuildPhase section */
		34AD65612138682000964B31 /* Sources */ = {
			isa = PBXSourcesBuildPhase;
			buildActionMask = 2147483647;
			files = (
				34AD656B2138682000964B31 /* ViewController.swift in Sources */,
				34AD65712138682000964B31 /* GithubRepoSearcher.xcdatamodeld in Sources */,
				34AD65692138682000964B31 /* AppDelegate.swift in Sources */,
			);
			runOnlyForDeploymentPostprocessing = 0;
		};
		34AD65782138682100964B31 /* Sources */ = {
			isa = PBXSourcesBuildPhase;
			buildActionMask = 2147483647;
			files = (
				34AD65812138682100964B31 /* GithubRepoSearcherTests.swift in Sources */,
			);
			runOnlyForDeploymentPostprocessing = 0;
		};
/* End PBXSourcesBuildPhase section */

/* Begin PBXTargetDependency section */
		34AD657E2138682100964B31 /* PBXTargetDependency */ = {
			isa = PBXTargetDependency;
			target = 34AD65642138682000964B31 /* GithubRepoSearcher */;
			targetProxy = 34AD657D2138682100964B31 /* PBXContainerItemProxy */;
		};
/* End PBXTargetDependency section */

/* Begin PBXVariantGroup section */
		34AD656C2138682000964B31 /* Main.storyboard */ = {
			isa = PBXVariantGroup;
			children = (
				34AD656D2138682000964B31 /* Base */,
			);
			name = Main.storyboard;
			sourceTree = "<group>";
		};
		34AD65742138682100964B31 /* LaunchScreen.storyboard */ = {
			isa = PBXVariantGroup;
			children = (
				34AD65752138682100964B31 /* Base */,
			);
			name = LaunchScreen.storyboard;
			sourceTree = "<group>";
		};
/* End PBXVariantGroup section */

/* Begin XCBuildConfiguration section */
		34AD65832138682100964B31 /* Debug */ = {
			isa = XCBuildConfiguration;
			buildSettings = {
				ALWAYS_SEARCH_USER_PATHS = NO;
				CLANG_ANALYZER_NONNULL = YES;
				CLANG_ANALYZER_NUMBER_OBJECT_CONVERSION = YES_AGGRESSIVE;
				CLANG_CXX_LANGUAGE_STANDARD = "gnu++14";
				CLANG_CXX_LIBRARY = "libc++";
				CLANG_ENABLE_MODULES = YES;
				CLANG_ENABLE_OBJC_ARC = YES;
				CLANG_ENABLE_OBJC_WEAK = YES;
				CLANG_WARN_BLOCK_CAPTURE_AUTORELEASING = YES;
				CLANG_WARN_BOOL_CONVERSION = YES;
				CLANG_WARN_COMMA = YES;
				CLANG_WARN_CONSTANT_CONVERSION = YES;
				CLANG_WARN_DEPRECATED_OBJC_IMPLEMENTATIONS = YES;
				CLANG_WARN_DIRECT_OBJC_ISA_USAGE = YES_ERROR;
				CLANG_WARN_DOCUMENTATION_COMMENTS = YES;
				CLANG_WARN_EMPTY_BODY = YES;
				CLANG_WARN_ENUM_CONVERSION = YES;
				CLANG_WARN_INFINITE_RECURSION = YES;
				CLANG_WARN_INT_CONVERSION = YES;
				CLANG_WARN_NON_LITERAL_NULL_CONVERSION = YES;
				CLANG_WARN_OBJC_IMPLICIT_RETAIN_SELF = YES;
				CLANG_WARN_OBJC_LITERAL_CONVERSION = YES;
				CLANG_WARN_OBJC_ROOT_CLASS = YES_ERROR;
				CLANG_WARN_RANGE_LOOP_ANALYSIS = YES;
				CLANG_WARN_STRICT_PROTOTYPES = YES;
				CLANG_WARN_SUSPICIOUS_MOVE = YES;
				CLANG_WARN_UNGUARDED_AVAILABILITY = YES_AGGRESSIVE;
				CLANG_WARN_UNREACHABLE_CODE = YES;
				CLANG_WARN__DUPLICATE_METHOD_MATCH = YES;
				CODE_SIGN_IDENTITY = "iPhone Developer";
				COPY_PHASE_STRIP = NO;
				DEBUG_INFORMATION_FORMAT = dwarf;
				ENABLE_STRICT_OBJC_MSGSEND = YES;
				ENABLE_TESTABILITY = YES;
				GCC_C_LANGUAGE_STANDARD = gnu11;
				GCC_DYNAMIC_NO_PIC = NO;
				GCC_NO_COMMON_BLOCKS = YES;
				GCC_OPTIMIZATION_LEVEL = 0;
				GCC_PREPROCESSOR_DEFINITIONS = (
					"DEBUG=1",
					"$(inherited)",
				);
				GCC_WARN_64_TO_32_BIT_CONVERSION = YES;
				GCC_WARN_ABOUT_RETURN_TYPE = YES_ERROR;
				GCC_WARN_UNDECLARED_SELECTOR = YES;
				GCC_WARN_UNINITIALIZED_AUTOS = YES_AGGRESSIVE;
				GCC_WARN_UNUSED_FUNCTION = YES;
				GCC_WARN_UNUSED_VARIABLE = YES;
				IPHONEOS_DEPLOYMENT_TARGET = 11.4;
				MTL_ENABLE_DEBUG_INFO = YES;
				ONLY_ACTIVE_ARCH = YES;
				SDKROOT = iphoneos;
				SWIFT_ACTIVE_COMPILATION_CONDITIONS = DEBUG;
				SWIFT_OPTIMIZATION_LEVEL = "-Onone";
			};
			name = Debug;
		};
		34AD65842138682100964B31 /* Release */ = {
			isa = XCBuildConfiguration;
			buildSettings = {
				ALWAYS_SEARCH_USER_PATHS = NO;
				CLANG_ANALYZER_NONNULL = YES;
				CLANG_ANALYZER_NUMBER_OBJECT_CONVERSION = YES_AGGRESSIVE;
				CLANG_CXX_LANGUAGE_STANDARD = "gnu++14";
				CLANG_CXX_LIBRARY = "libc++";
				CLANG_ENABLE_MODULES = YES;
				CLANG_ENABLE_OBJC_ARC = YES;
				CLANG_ENABLE_OBJC_WEAK = YES;
				CLANG_WARN_BLOCK_CAPTURE_AUTORELEASING = YES;
				CLANG_WARN_BOOL_CONVERSION = YES;
				CLANG_WARN_COMMA = YES;
				CLANG_WARN_CONSTANT_CONVERSION = YES;
				CLANG_WARN_DEPRECATED_OBJC_IMPLEMENTATIONS = YES;
				CLANG_WARN_DIRECT_OBJC_ISA_USAGE = YES_ERROR;
				CLANG_WARN_DOCUMENTATION_COMMENTS = YES;
				CLANG_WARN_EMPTY_BODY = YES;
				CLANG_WARN_ENUM_CONVERSION = YES;
				CLANG_WARN_INFINITE_RECURSION = YES;
				CLANG_WARN_INT_CONVERSION = YES;
				CLANG_WARN_NON_LITERAL_NULL_CONVERSION = YES;
				CLANG_WARN_OBJC_IMPLICIT_RETAIN_SELF = YES;
				CLANG_WARN_OBJC_LITERAL_CONVERSION = YES;
				CLANG_WARN_OBJC_ROOT_CLASS = YES_ERROR;
				CLANG_WARN_RANGE_LOOP_ANALYSIS = YES;
				CLANG_WARN_STRICT_PROTOTYPES = YES;
				CLANG_WARN_SUSPICIOUS_MOVE = YES;
				CLANG_WARN_UNGUARDED_AVAILABILITY = YES_AGGRESSIVE;
				CLANG_WARN_UNREACHABLE_CODE = YES;
				CLANG_WARN__DUPLICATE_METHOD_MATCH = YES;
				CODE_SIGN_IDENTITY = "iPhone Developer";
				COPY_PHASE_STRIP = NO;
				DEBUG_INFORMATION_FORMAT = "dwarf-with-dsym";
				ENABLE_NS_ASSERTIONS = NO;
				ENABLE_STRICT_OBJC_MSGSEND = YES;
				GCC_C_LANGUAGE_STANDARD = gnu11;
				GCC_NO_COMMON_BLOCKS = YES;
				GCC_WARN_64_TO_32_BIT_CONVERSION = YES;
				GCC_WARN_ABOUT_RETURN_TYPE = YES_ERROR;
				GCC_WARN_UNDECLARED_SELECTOR = YES;
				GCC_WARN_UNINITIALIZED_AUTOS = YES_AGGRESSIVE;
				GCC_WARN_UNUSED_FUNCTION = YES;
				GCC_WARN_UNUSED_VARIABLE = YES;
				IPHONEOS_DEPLOYMENT_TARGET = 11.4;
				MTL_ENABLE_DEBUG_INFO = NO;
				SDKROOT = iphoneos;
				SWIFT_COMPILATION_MODE = wholemodule;
				SWIFT_OPTIMIZATION_LEVEL = "-O";
				VALIDATE_PRODUCT = YES;
			};
			name = Release;
		};
		34AD65862138682100964B31 /* Debug */ = {
			isa = XCBuildConfiguration;
			buildSettings = {
				ASSETCATALOG_COMPILER_APPICON_NAME = AppIcon;
				CODE_SIGN_STYLE = Automatic;
				DEVELOPMENT_TEAM = PPH9EJ7977;
				INFOPLIST_FILE = GithubRepoSearcher/Info.plist;
				LD_RUNPATH_SEARCH_PATHS = (
					"$(inherited)",
					"@executable_path/Frameworks",
				);
				PRODUCT_BUNDLE_IDENTIFIER = uk.co.stuartwthomas.GithubRepoSearcher;
				PRODUCT_NAME = "$(TARGET_NAME)";
				SWIFT_VERSION = 4.0;
				TARGETED_DEVICE_FAMILY = "1,2";
			};
			name = Debug;
		};
		34AD65872138682100964B31 /* Release */ = {
			isa = XCBuildConfiguration;
			buildSettings = {
				ASSETCATALOG_COMPILER_APPICON_NAME = AppIcon;
				CODE_SIGN_STYLE = Automatic;
				DEVELOPMENT_TEAM = PPH9EJ7977;
				INFOPLIST_FILE = GithubRepoSearcher/Info.plist;
				LD_RUNPATH_SEARCH_PATHS = (
					"$(inherited)",
					"@executable_path/Frameworks",
				);
				PRODUCT_BUNDLE_IDENTIFIER = uk.co.stuartwthomas.GithubRepoSearcher;
				PRODUCT_NAME = "$(TARGET_NAME)";
				SWIFT_VERSION = 4.0;
				TARGETED_DEVICE_FAMILY = "1,2";
			};
			name = Release;
		};
		34AD65892138682100964B31 /* Debug */ = {
			isa = XCBuildConfiguration;
			buildSettings = {
				ALWAYS_EMBED_SWIFT_STANDARD_LIBRARIES = YES;
				BUNDLE_LOADER = "$(TEST_HOST)";
				CODE_SIGN_STYLE = Automatic;
				DEVELOPMENT_TEAM = PPH9EJ7977;
				INFOPLIST_FILE = GithubRepoSearcherTests/Info.plist;
				LD_RUNPATH_SEARCH_PATHS = (
					"$(inherited)",
					"@executable_path/Frameworks",
					"@loader_path/Frameworks",
				);
				PRODUCT_BUNDLE_IDENTIFIER = uk.co.stuartwthomas.GithubRepoSearcherTests;
				PRODUCT_NAME = "$(TARGET_NAME)";
				SWIFT_VERSION = 4.0;
				TARGETED_DEVICE_FAMILY = "1,2";
				TEST_HOST = "$(BUILT_PRODUCTS_DIR)/GithubRepoSearcher.app/GithubRepoSearcher";
			};
			name = Debug;
		};
		34AD658A2138682100964B31 /* Release */ = {
			isa = XCBuildConfiguration;
			buildSettings = {
				ALWAYS_EMBED_SWIFT_STANDARD_LIBRARIES = YES;
				BUNDLE_LOADER = "$(TEST_HOST)";
				CODE_SIGN_STYLE = Automatic;
				DEVELOPMENT_TEAM = PPH9EJ7977;
				INFOPLIST_FILE = GithubRepoSearcherTests/Info.plist;
				LD_RUNPATH_SEARCH_PATHS = (
					"$(inherited)",
					"@executable_path/Frameworks",
					"@loader_path/Frameworks",
				);
				PRODUCT_BUNDLE_IDENTIFIER = uk.co.stuartwthomas.GithubRepoSearcherTests;
				PRODUCT_NAME = "$(TARGET_NAME)";
				SWIFT_VERSION = 4.0;
				TARGETED_DEVICE_FAMILY = "1,2";
				TEST_HOST = "$(BUILT_PRODUCTS_DIR)/GithubRepoSearcher.app/GithubRepoSearcher";
			};
			name = Release;
		};
/* End XCBuildConfiguration section */

/* Begin XCConfigurationList section */
		34AD65602138682000964B31 /* Build configuration list for PBXProject "GithubRepoSearcher" */ = {
			isa = XCConfigurationList;
			buildConfigurations = (
				34AD65832138682100964B31 /* Debug */,
				34AD65842138682100964B31 /* Release */,
			);
			defaultConfigurationIsVisible = 0;
			defaultConfigurationName = Release;
		};
		34AD65852138682100964B31 /* Build configuration list for PBXNativeTarget "GithubRepoSearcher" */ = {
			isa = XCConfigurationList;
			buildConfigurations = (
				34AD65862138682100964B31 /* Debug */,
				34AD65872138682100964B31 /* Release */,
			);
			defaultConfigurationIsVisible = 0;
			defaultConfigurationName = Release;
		};
		34AD65882138682100964B31 /* Build configuration list for PBXNativeTarget "GithubRepoSearcherTests" */ = {
			isa = XCConfigurationList;
			buildConfigurations = (
				34AD65892138682100964B31 /* Debug */,
				34AD658A2138682100964B31 /* Release */,
			);
			defaultConfigurationIsVisible = 0;
			defaultConfigurationName = Release;
		};
/* End XCConfigurationList section */

/* Begin XCVersionGroup section */
		34AD656F2138682000964B31 /* GithubRepoSearcher.xcdatamodeld */ = {
			isa = XCVersionGroup;
			children = (
				34AD65702138682000964B31 /* GithubRepoSearcher.xcdatamodel */,
			);
			currentVersion = 34AD65702138682000964B31 /* GithubRepoSearcher.xcdatamodel */;
			path = GithubRepoSearcher.xcdatamodeld;
			sourceTree = "<group>";
			versionGroupType = wrapper.xcdatamodel;
		};
/* End XCVersionGroup section */
	};
	rootObject = 34AD655D2138682000964B31 /* Project object */;
}
